
Microsoft Visual Studio Solution File, Format Version 12.00
# Visual Studio 15
VisualStudioVersion = 15.0.27130.2010
MinimumVisualStudioVersion = 10.0.40219.1
Project("{9A19103F-16F7-4668-BE54-9A1E7A4F7556}") = "TweetFlow.Job", "TweetFlow.Job\TweetFlow.Job.csproj", "{384B44F3-4F39-4A97-A242-1E51CBBCF74A}"
EndProject
Project("{9A19103F-16F7-4668-BE54-9A1E7A4F7556}") = "TweetFlow.Stream", "TweetFlow.Stream\TweetFlow.Stream.csproj", "{5DC6302F-0B23-453C-A871-54BE1059331F}"
EndProject
Project("{9A19103F-16F7-4668-BE54-9A1E7A4F7556}") = "TweetFlow.MemoryStore", "TweetFlow.MemoryStore\TweetFlow.MemoryStore.csproj", "{DCF986AD-FB9B-4761-8D9A-A849FE7F67C6}"
EndProject
Project("{9A19103F-16F7-4668-BE54-9A1E7A4F7556}") = "TweetFlow.StreamService", "TweetFlow.StreamService\TweetFlow.StreamService.csproj", "{DEF82038-5380-41D8-BA31-3BA89EF74A47}"
EndProject
Project("{FAE04EC0-301F-11D3-BF4B-00C04F79EFBC}") = "TweetFlow.Model", "TweetFlow.Model\TweetFlow.Model.csproj", "{79D2DB52-3FC5-4CB9-ACA5-E46871B4156F}"
EndProject
Project("{FAE04EC0-301F-11D3-BF4B-00C04F79EFBC}") = "TweetFlow.Portal", "TweetFlow.Portal\TweetFlow.Portal.csproj", "{E9D834F9-3889-4BC3-888D-220D7EACAF11}"
EndProject
Global
	GlobalSection(SolutionConfigurationPlatforms) = preSolution
		Debug|Any CPU = Debug|Any CPU
		Release|Any CPU = Release|Any CPU
	EndGlobalSection
	GlobalSection(ProjectConfigurationPlatforms) = postSolution
		{384B44F3-4F39-4A97-A242-1E51CBBCF74A}.Debug|Any CPU.ActiveCfg = Debug|Any CPU
		{384B44F3-4F39-4A97-A242-1E51CBBCF74A}.Debug|Any CPU.Build.0 = Debug|Any CPU
		{384B44F3-4F39-4A97-A242-1E51CBBCF74A}.Release|Any CPU.ActiveCfg = Release|Any CPU
		{384B44F3-4F39-4A97-A242-1E51CBBCF74A}.Release|Any CPU.Build.0 = Release|Any CPU
		{5DC6302F-0B23-453C-A871-54BE1059331F}.Debug|Any CPU.ActiveCfg = Debug|Any CPU
		{5DC6302F-0B23-453C-A871-54BE1059331F}.Debug|Any CPU.Build.0 = Debug|Any CPU
		{5DC6302F-0B23-453C-A871-54BE1059331F}.Release|Any CPU.ActiveCfg = Release|Any CPU
		{5DC6302F-0B23-453C-A871-54BE1059331F}.Release|Any CPU.Build.0 = Release|Any CPU
		{DCF986AD-FB9B-4761-8D9A-A849FE7F67C6}.Debug|Any CPU.ActiveCfg = Debug|Any CPU
		{DCF986AD-FB9B-4761-8D9A-A849FE7F67C6}.Debug|Any CPU.Build.0 = Debug|Any CPU
		{DCF986AD-FB9B-4761-8D9A-A849FE7F67C6}.Release|Any CPU.ActiveCfg = Release|Any CPU
		{DCF986AD-FB9B-4761-8D9A-A849FE7F67C6}.Release|Any CPU.Build.0 = Release|Any CPU
		{DEF82038-5380-41D8-BA31-3BA89EF74A47}.Debug|Any CPU.ActiveCfg = Debug|Any CPU
		{DEF82038-5380-41D8-BA31-3BA89EF74A47}.Debug|Any CPU.Build.0 = Debug|Any CPU
		{DEF82038-5380-41D8-BA31-3BA89EF74A47}.Release|Any CPU.ActiveCfg = Release|Any CPU
		{DEF82038-5380-41D8-BA31-3BA89EF74A47}.Release|Any CPU.Build.0 = Release|Any CPU
		{79D2DB52-3FC5-4CB9-ACA5-E46871B4156F}.Debug|Any CPU.ActiveCfg = Debug|Any CPU
		{79D2DB52-3FC5-4CB9-ACA5-E46871B4156F}.Debug|Any CPU.Build.0 = Debug|Any CPU
		{79D2DB52-3FC5-4CB9-ACA5-E46871B4156F}.Release|Any CPU.ActiveCfg = Release|Any CPU
		{79D2DB52-3FC5-4CB9-ACA5-E46871B4156F}.Release|Any CPU.Build.0 = Release|Any CPU
		{E9D834F9-3889-4BC3-888D-220D7EACAF11}.Debug|Any CPU.ActiveCfg = Debug|Any CPU
		{E9D834F9-3889-4BC3-888D-220D7EACAF11}.Debug|Any CPU.Build.0 = Debug|Any CPU
		{E9D834F9-3889-4BC3-888D-220D7EACAF11}.Release|Any CPU.ActiveCfg = Release|Any CPU
		{E9D834F9-3889-4BC3-888D-220D7EACAF11}.Release|Any CPU.Build.0 = Release|Any CPU
	EndGlobalSection
	GlobalSection(SolutionProperties) = preSolution
		HideSolutionNode = FALSE
	EndGlobalSection
	GlobalSection(ExtensibilityGlobals) = postSolution
		SolutionGuid = {31D368E9-B799-482A-809B-95A77C950851}
	EndGlobalSection
EndGlobal
