
Microsoft Visual Studio Solution File, Format Version 12.00
# Visual Studio 15
VisualStudioVersion = 15.0.27130.2027
MinimumVisualStudioVersion = 10.0.40219.1
Project("{9A19103F-16F7-4668-BE54-9A1E7A4F7556}") = "TweetFlow.Stream", "TweetFlow.Stream\TweetFlow.Stream.csproj", "{5DC6302F-0B23-453C-A871-54BE1059331F}"
EndProject
Project("{9A19103F-16F7-4668-BE54-9A1E7A4F7556}") = "TweetFlow.MemoryStore", "TweetFlow.MemoryStore\TweetFlow.MemoryStore.csproj", "{DCF986AD-FB9B-4761-8D9A-A849FE7F67C6}"
EndProject
Project("{9A19103F-16F7-4668-BE54-9A1E7A4F7556}") = "TweetFlow.Model", "TweetFlow.Model\TweetFlow.Model.csproj", "{79D2DB52-3FC5-4CB9-ACA5-E46871B4156F}"
EndProject
Project("{9A19103F-16F7-4668-BE54-9A1E7A4F7556}") = "TweetFlow.Portal", "TweetFlow.Portal\TweetFlow.Portal.csproj", "{E9D834F9-3889-4BC3-888D-220D7EACAF11}"
EndProject
Project("{9A19103F-16F7-4668-BE54-9A1E7A4F7556}") = "TweetFlow.DatabaseModel", "TweetFlow.DatabaseModel\TweetFlow.DatabaseModel.csproj", "{4FB6C608-FD69-407E-85CE-66D1FFD878BA}"
EndProject
Project("{9A19103F-16F7-4668-BE54-9A1E7A4F7556}") = "TweetFlow.EF", "TweetFlow.EF\TweetFlow.EF.csproj", "{B12591C4-BE35-4C09-BF5D-40D9EFDE5329}"
EndProject
Project("{9A19103F-16F7-4668-BE54-9A1E7A4F7556}") = "TweetFlow.Providers", "TweetFlow.Providers\TweetFlow.Providers.csproj", "{39CA9090-0426-4721-8719-70481E22EA00}"
EndProject
Project("{9A19103F-16F7-4668-BE54-9A1E7A4F7556}") = "TweetFlow.Services", "TweetFlow.Services\TweetFlow.Services.csproj", "{F40B6C82-6730-4C2C-8225-32F1750E4F53}"
EndProject
Global
	GlobalSection(SolutionConfigurationPlatforms) = preSolution
		Debug|Any CPU = Debug|Any CPU
		Release|Any CPU = Release|Any CPU
	EndGlobalSection
	GlobalSection(ProjectConfigurationPlatforms) = postSolution
		{5DC6302F-0B23-453C-A871-54BE1059331F}.Debug|Any CPU.ActiveCfg = Debug|Any CPU
		{5DC6302F-0B23-453C-A871-54BE1059331F}.Debug|Any CPU.Build.0 = Debug|Any CPU
		{5DC6302F-0B23-453C-A871-54BE1059331F}.Release|Any CPU.ActiveCfg = Release|Any CPU
		{5DC6302F-0B23-453C-A871-54BE1059331F}.Release|Any CPU.Build.0 = Release|Any CPU
		{DCF986AD-FB9B-4761-8D9A-A849FE7F67C6}.Debug|Any CPU.ActiveCfg = Debug|Any CPU
		{DCF986AD-FB9B-4761-8D9A-A849FE7F67C6}.Debug|Any CPU.Build.0 = Debug|Any CPU
		{DCF986AD-FB9B-4761-8D9A-A849FE7F67C6}.Release|Any CPU.ActiveCfg = Release|Any CPU
		{DCF986AD-FB9B-4761-8D9A-A849FE7F67C6}.Release|Any CPU.Build.0 = Release|Any CPU
		{79D2DB52-3FC5-4CB9-ACA5-E46871B4156F}.Debug|Any CPU.ActiveCfg = Debug|Any CPU
		{79D2DB52-3FC5-4CB9-ACA5-E46871B4156F}.Debug|Any CPU.Build.0 = Debug|Any CPU
		{79D2DB52-3FC5-4CB9-ACA5-E46871B4156F}.Release|Any CPU.ActiveCfg = Release|Any CPU
		{79D2DB52-3FC5-4CB9-ACA5-E46871B4156F}.Release|Any CPU.Build.0 = Release|Any CPU
		{E9D834F9-3889-4BC3-888D-220D7EACAF11}.Debug|Any CPU.ActiveCfg = Debug|Any CPU
		{E9D834F9-3889-4BC3-888D-220D7EACAF11}.Debug|Any CPU.Build.0 = Debug|Any CPU
		{E9D834F9-3889-4BC3-888D-220D7EACAF11}.Release|Any CPU.ActiveCfg = Release|Any CPU
		{E9D834F9-3889-4BC3-888D-220D7EACAF11}.Release|Any CPU.Build.0 = Release|Any CPU
		{4FB6C608-FD69-407E-85CE-66D1FFD878BA}.Debug|Any CPU.ActiveCfg = Debug|Any CPU
		{4FB6C608-FD69-407E-85CE-66D1FFD878BA}.Debug|Any CPU.Build.0 = Debug|Any CPU
		{4FB6C608-FD69-407E-85CE-66D1FFD878BA}.Release|Any CPU.ActiveCfg = Release|Any CPU
		{4FB6C608-FD69-407E-85CE-66D1FFD878BA}.Release|Any CPU.Build.0 = Release|Any CPU
		{B12591C4-BE35-4C09-BF5D-40D9EFDE5329}.Debug|Any CPU.ActiveCfg = Debug|Any CPU
		{B12591C4-BE35-4C09-BF5D-40D9EFDE5329}.Debug|Any CPU.Build.0 = Debug|Any CPU
		{B12591C4-BE35-4C09-BF5D-40D9EFDE5329}.Release|Any CPU.ActiveCfg = Release|Any CPU
		{B12591C4-BE35-4C09-BF5D-40D9EFDE5329}.Release|Any CPU.Build.0 = Release|Any CPU
		{39CA9090-0426-4721-8719-70481E22EA00}.Debug|Any CPU.ActiveCfg = Debug|Any CPU
		{39CA9090-0426-4721-8719-70481E22EA00}.Debug|Any CPU.Build.0 = Debug|Any CPU
		{39CA9090-0426-4721-8719-70481E22EA00}.Release|Any CPU.ActiveCfg = Release|Any CPU
		{39CA9090-0426-4721-8719-70481E22EA00}.Release|Any CPU.Build.0 = Release|Any CPU
		{F40B6C82-6730-4C2C-8225-32F1750E4F53}.Debug|Any CPU.ActiveCfg = Debug|Any CPU
		{F40B6C82-6730-4C2C-8225-32F1750E4F53}.Debug|Any CPU.Build.0 = Debug|Any CPU
		{F40B6C82-6730-4C2C-8225-32F1750E4F53}.Release|Any CPU.ActiveCfg = Release|Any CPU
		{F40B6C82-6730-4C2C-8225-32F1750E4F53}.Release|Any CPU.Build.0 = Release|Any CPU
	EndGlobalSection
	GlobalSection(SolutionProperties) = preSolution
		HideSolutionNode = FALSE
	EndGlobalSection
	GlobalSection(ExtensibilityGlobals) = postSolution
		SolutionGuid = {31D368E9-B799-482A-809B-95A77C950851}
	EndGlobalSection
EndGlobal
